
Microsoft Visual Studio Solution File, Format Version 12.00
# Visual Studio 15
VisualStudioVersion = 15.0.27428.1
MinimumVisualStudioVersion = 10.0.40219.1
Project("{FAE04EC0-301F-11D3-BF4B-00C04F79EFBC}") = "PianoRoll", "PianoRoll\PianoRoll.csproj", "{F40B1820-B602-470D-9791-C6E07A840DCC}"
EndProject
Project("{FAE04EC0-301F-11D3-BF4B-00C04F79EFBC}") = "SirinMixerTool", "SirinMixerTool\SirinMixerTool.csproj", "{C32DF7CD-3B41-4CE3-B126-4565D9886758}"
	ProjectSection(ProjectDependencies) = postProject
		{F40B1820-B602-470D-9791-C6E07A840DCC} = {F40B1820-B602-470D-9791-C6E07A840DCC}
	EndProjectSection
EndProject
Global
	GlobalSection(SolutionConfigurationPlatforms) = preSolution
		Debug|Any CPU = Debug|Any CPU
		Release|Any CPU = Release|Any CPU
	EndGlobalSection
	GlobalSection(ProjectConfigurationPlatforms) = postSolution
		{F40B1820-B602-470D-9791-C6E07A840DCC}.Debug|Any CPU.ActiveCfg = Debug|Any CPU
		{F40B1820-B602-470D-9791-C6E07A840DCC}.Debug|Any CPU.Build.0 = Debug|Any CPU
		{F40B1820-B602-470D-9791-C6E07A840DCC}.Release|Any CPU.ActiveCfg = Release|Any CPU
		{F40B1820-B602-470D-9791-C6E07A840DCC}.Release|Any CPU.Build.0 = Release|Any CPU
		{C32DF7CD-3B41-4CE3-B126-4565D9886758}.Debug|Any CPU.ActiveCfg = Debug|Any CPU
		{C32DF7CD-3B41-4CE3-B126-4565D9886758}.Debug|Any CPU.Build.0 = Debug|Any CPU
		{C32DF7CD-3B41-4CE3-B126-4565D9886758}.Release|Any CPU.ActiveCfg = Release|Any CPU
		{C32DF7CD-3B41-4CE3-B126-4565D9886758}.Release|Any CPU.Build.0 = Release|Any CPU
	EndGlobalSection
	GlobalSection(SolutionProperties) = preSolution
		HideSolutionNode = FALSE
	EndGlobalSection
	GlobalSection(ExtensibilityGlobals) = postSolution
		SolutionGuid = {686BC935-06E0-465A-87C5-440317C65252}
	EndGlobalSection
EndGlobal
